
Microsoft Visual Studio Solution File, Format Version 12.00
# Visual Studio Version 16
VisualStudioVersion = 16.0.30413.136
MinimumVisualStudioVersion = 10.0.40219.1
Project("{9A19103F-16F7-4668-BE54-9A1E7A4F7556}") = "Underscore", "Underscore\Underscore.csproj", "{7CD139F1-CC15-49FE-8547-64ED422AA7CE}"
EndProject
Global
	GlobalSection(SolutionConfigurationPlatforms) = preSolution
		Debug|Any CPU = Debug|Any CPU
		Release|Any CPU = Release|Any CPU
	EndGlobalSection
	GlobalSection(ProjectConfigurationPlatforms) = postSolution
		{7CD139F1-CC15-49FE-8547-64ED422AA7CE}.Debug|Any CPU.ActiveCfg = Debug|Any CPU
		{7CD139F1-CC15-49FE-8547-64ED422AA7CE}.Debug|Any CPU.Build.0 = Debug|Any CPU
		{7CD139F1-CC15-49FE-8547-64ED422AA7CE}.Release|Any CPU.ActiveCfg = Release|Any CPU
		{7CD139F1-CC15-49FE-8547-64ED422AA7CE}.Release|Any CPU.Build.0 = Release|Any CPU
	EndGlobalSection
	GlobalSection(SolutionProperties) = preSolution
		HideSolutionNode = FALSE
	EndGlobalSection
	GlobalSection(ExtensibilityGlobals) = postSolution
		SolutionGuid = {87941D84-3A62-4C18-8CE2-9EE1F8B18DA1}
	EndGlobalSection
EndGlobal
